# THIS IS AN AUTOGENERATED FILE. DO NOT EDIT THIS FILE DIRECTLY.
# yarn lockfile v1


"@colors/colors@1.5.0":
  version "1.5.0"
  resolved "https://registry.npmjs.org/@colors/colors/-/colors-1.5.0.tgz"
  integrity sha512-ooWCrlZP11i8GImSjTHYHLkvFDP48nS4+204nGb1RiX/WXYHmJA2III9/e2DWVabCESdW7hBAEzHRqUn9OUVvQ==

"@cucumber/ci-environment@^13.0.0":
  version "13.0.0"
  resolved "https://registry.npmjs.org/@cucumber/ci-environment/-/ci-environment-13.0.0.tgz"
  integrity sha512-cs+3NzfNkGbcmHPddjEv4TKFiBpZRQ6WJEEufB9mw+ExS22V/4R/zpDSEG+fsJ/iSNCd6A2sATdY8PFOyY3YnA==

"@cucumber/cucumber-expressions@19.0.0":
  version "19.0.0"
  resolved "https://registry.npmjs.org/@cucumber/cucumber-expressions/-/cucumber-expressions-19.0.0.tgz"
  integrity sha512-4FKoOQh2Uf6F6/Ln+1OxuK8LkTg6PyAqekhf2Ix8zqV2M54sH+m7XNJNLhOFOAW/t9nxzRbw2CcvXbCLjcvHZg==
  dependencies:
    regexp-match-indices "1.0.2"

"@cucumber/gherkin-utils@^11.0.0":
  version "11.0.0"
  resolved "https://registry.npmjs.org/@cucumber/gherkin-utils/-/gherkin-utils-11.0.0.tgz"
  integrity sha512-LJ+s4+TepHTgdKWDR4zbPyT7rQjmYIcukTwNbwNwgqr6i8Gjcmzf6NmtbYDA19m1ZFg6kWbFsmHnj37ZuX+kZA==
  dependencies:
    "@cucumber/gherkin" "^38.0.0"
    "@cucumber/messages" "^32.0.0"
    "@teppeis/multimaps" "3.0.0"
    commander "14.0.2"
    source-map-support "^0.5.21"

"@cucumber/gherkin@^38.0.0":
  version "38.0.0"
  resolved "https://registry.npmjs.org/@cucumber/gherkin/-/gherkin-38.0.0.tgz"
  integrity sha512-duEXK+KDfQUzu3vsSzXjkxQ2tirF5PRsc1Xrts6THKHJO6mjw4RjM8RV+vliuDasmhhrmdLcOcM7d9nurNTJKw==
  dependencies:
    "@cucumber/messages" ">=31.0.0 <33"

"@cucumber/gherkin@^39.1.0":
  version "39.1.0"
  resolved "https://registry.npmjs.org/@cucumber/gherkin/-/gherkin-39.1.0.tgz"
  integrity sha512-pqmSO2bUWxJm3TbNrKXlDaHjL6c77+ez9kWmfCd9oRPeTRPEVH3spZvpAqdXYWOZYSNYwWFCAAeZ4RGpkauNoQ==
  dependencies:
    "@cucumber/messages" ">=31.0.0 <33"

"@cucumber/html-formatter@^23.1.0":
  version "23.1.0"
  resolved "https://registry.npmjs.org/@cucumber/html-formatter/-/html-formatter-23.1.0.tgz"
  integrity sha512-DcCSFoGs6jbwzXPgX1CwgJKEE+ZMcIEzq/0Memg0o24maNn9NJizBFHmoFWG4iv/OxHza+mvc+56cTHetfHndw==

"@cucumber/junit-xml-formatter@^0.13.3":
  version "0.13.3"
  resolved "https://registry.npmjs.org/@cucumber/junit-xml-formatter/-/junit-xml-formatter-0.13.3.tgz"
  integrity sha512-w9ujOxiuKDtU6fLzJz+wp4Sgp5Xu6ba7ls00LHJccVmQU0Ba7zs+AHnv3iIgPjKZAQe1w8x93dr8Gaubh7Vqkg==
  dependencies:
    "@cucumber/query" "^15.0.1"
    "@teppeis/multimaps" "^3.0.0"
    luxon "^3.5.0"
    xmlbuilder "^15.1.1"

"@cucumber/messages@*", "@cucumber/messages@^32.0.0", "@cucumber/messages@^32.3.1", "@cucumber/messages@>=18", "@cucumber/messages@>=31.0.0 <33":
  version "32.3.1"
  resolved "https://registry.npmjs.org/@cucumber/messages/-/messages-32.3.1.tgz"
  integrity sha512-yNQq1KoXRYaEKrWMFmpUQX7TdeQuU9jeGgJAZ3dArTsC/T4NpJ6DnqaJIIgwPnz/wtQIQTNX7/h0rOuF5xY4qQ==
  dependencies:
    class-transformer "0.5.1"
    reflect-metadata "0.2.2"

"@cucumber/query@^15.0.1":
  version "15.0.1"
  resolved "https://registry.npmjs.org/@cucumber/query/-/query-15.0.1.tgz"
  integrity sha512-FMfT3orJblRsOxvU2doECBvQmauizYlj+5JsM8atAKKPbnQTj7v2/OrnuykvQpfZNBf19DYbRq1e832vllRP/g==
  dependencies:
    "@teppeis/multimaps" "3.0.0"
    lodash.sortby "^4.7.0"

"@cucumber/tag-expressions@^9.1.0":
  version "9.1.0"
  resolved "https://registry.npmjs.org/@cucumber/tag-expressions/-/tag-expressions-9.1.0.tgz"
  integrity sha512-bvHjcRFZ+J1TqIa9eFNO1wGHqwx4V9ZKV3hYgkuK/VahHx73uiP4rKV3JVrvWSMrwrFvJG6C8aEwnCWSvbyFdQ==

"@playwright/test@^1.61.1", "@playwright/test@>=1.44", "@playwright/test@>=1.62.0":
  version "1.63.0"
  resolved "https://registry.npmjs.org/@playwright/test/-/test-1.63.0.tgz"
  integrity sha512-oxMK4vllB9RK5NQ2l1pq1IfOf2AvnEuj/vYGDj0H2nMtmtZpKtCwt/l00GEO6xjGfpBNAvjovvYdCm50dRQkpQ==
  dependencies:
    playwright "1.63.0"

"@teppeis/multimaps@^3.0.0", "@teppeis/multimaps@3.0.0":
  version "3.0.0"
  resolved "https://registry.npmjs.org/@teppeis/multimaps/-/multimaps-3.0.0.tgz"
  integrity sha512-ID7fosbc50TbT0MK0EG12O+gAP3W3Aa/Pz4DaTtQtEvlc9Odaqi0de+xuZ7Li2GtK4HzEX7IuRWS/JmZLksR3Q==

"@types/node@^26.1.1":
  version "26.1.1"
  resolved "https://registry.npmjs.org/@types/node/-/node-26.1.1.tgz"
  integrity sha512-nxAkRSVkN1Y0JC1W8ky/fTfkGsMmcrRsbx+3XoZE+rMOX71kLYTV7fLXpqud1GpbpP5TuffXFqfX7fH2GgZREw==
  dependencies:
    undici-types "~8.3.0"

allure-commandline@^2.46.1:
  version "2.46.1"
  resolved "https://registry.npmjs.org/allure-commandline/-/allure-commandline-2.46.1.tgz"
  integrity sha512-4HTxbXR9D2+cJV9z4MO/IUa7sfYiLLXBP3/4MWSqC63ey55wBMvXAk83yZYwJ2t+jKU1Z7QW6LgCUx0BhPy9EQ==

allure-js-commons@3.12.2:
  version "3.12.2"
  resolved "https://registry.npmjs.org/allure-js-commons/-/allure-js-commons-3.12.2.tgz"
  integrity sha512-5gVM4Fedf5q19tQ6zussSIaNC5tooTbtvJMBZFu1c7Zm35qfiBAPayMgxxHm5rOTwkyRInj+XShQPAG8ixrGeg==
  dependencies:
    md5 "^2.3.0"

allure-playwright@^3.12.2, allure-playwright@3.12.2:
  version "3.12.2"
  resolved "https://registry.npmjs.org/allure-playwright/-/allure-playwright-3.12.2.tgz"
  integrity sha512-XTzCAOyAIdx8gZE/skh3FJgPWmU5LmPO5fF8iRXEEVGWU5iL4rRlFh+KD7T0jo7DuCj7W2MpL6mnNWA+Zo54QA==
  dependencies:
    allure-js-commons "3.12.2"

ansi-regex@^5.0.1:
  version "5.0.1"
  resolved "https://registry.npmjs.org/ansi-regex/-/ansi-regex-5.0.1.tgz"
  integrity sha512-quJQXlTSUGL2LH9SUXo8VwsY4soanhgo6LNSm84E1LBcE8s3O0wpdiRzyR9z/ZZJMlMWv37qOOb9pdJlMUEKFQ==

buffer-from@^1.0.0:
  version "1.1.2"
  resolved "https://registry.npmjs.org/buffer-from/-/buffer-from-1.1.2.tgz"
  integrity sha512-E+XQCRwSbaaiChtv6k6Dwgc+bx+Bs6vuKJHHl5kox/BaKbhiXzqQOwK4cO22yElGp2OCmjwVhT3HmxgyPGnJfQ==

charenc@0.0.2:
  version "0.0.2"
  resolved "https://registry.npmjs.org/charenc/-/charenc-0.0.2.tgz"
  integrity sha512-yrLQ/yVUFXkzg7EDQsPieE/53+0RlaWTs+wBrvW36cyilJ2SaDWfl4Yj7MtLTXleV9uEKefbAGUPv2/iWSooRA==

class-transformer@0.5.1:
  version "0.5.1"
  resolved "https://registry.npmjs.org/class-transformer/-/class-transformer-0.5.1.tgz"
  integrity sha512-SQa1Ws6hUbfC98vKGxZH3KFY0Y1lm5Zm0SY8XX9zbK7FJCyVEac3ATW0RIpwzW+oOfmHE5PMPufDG9hCfoEOMw==

cli-table3@0.6.5:
  version "0.6.5"
  resolved "https://registry.npmjs.org/cli-table3/-/cli-table3-0.6.5.tgz"
  integrity sha512-+W/5efTR7y5HRD7gACw9yQjqMVvEMLBHmboM/kPWam+H+Hmyrgjh6YncVKK122YZkXrLudzTuAukUw9FnMf7IQ==
  dependencies:
    string-width "^4.2.0"
  optionalDependencies:
    "@colors/colors" "1.5.0"

commander@^13.1.0:
  version "13.1.0"
  resolved "https://registry.npmjs.org/commander/-/commander-13.1.0.tgz"
  integrity sha512-/rFeCpNJQbhSZjGVwO9RFV3xPqbnERS8MmIQzCtD/zl6gpJuV/bMLuN92oG3F7d8oDEHHRrujSXNUr8fpjntKw==

commander@14.0.2:
  version "14.0.2"
  resolved "https://registry.npmjs.org/commander/-/commander-14.0.2.tgz"
  integrity sha512-TywoWNNRbhoD0BXs1P3ZEScW8W5iKrnbithIl0YH+uCmBd0QpPOA8yc82DS3BIE5Ma6FnBVUsJ7wVUDz4dvOWQ==

crypt@0.0.2:
  version "0.0.2"
  resolved "https://registry.npmjs.org/crypt/-/crypt-0.0.2.tgz"
  integrity sha512-mCxBlsHFYh9C+HVpiEacem8FEBnMXgU9gy4zmNC+SXAZNB/1idgp/aulFJ4FgCi7GPEVbfyng092GqL2k2rmow==

emoji-regex@^8.0.0:
  version "8.0.0"
  resolved "https://registry.npmjs.org/emoji-regex/-/emoji-regex-8.0.0.tgz"
  integrity sha512-MSjYzcWNOA0ewAHpz0MxpYFvwg6yjy1NG3xteoqz644VCo/RPgnr1/GGt+ic3iJTzQ8Eu3TdM14SawnVUmGE6A==

fdir@^6.5.0:
  version "6.5.0"
  resolved "https://registry.npmjs.org/fdir/-/fdir-6.5.0.tgz"
  integrity sha512-tIbYtZbucOs0BRGqPJkshJUYdL+SDH7dVM8gjy+ERp3WAUjLEFJE+02kanyHtwjWOnwrKYBiwAmM0p4kLJAnXg==

is-buffer@~1.1.6:
  version "1.1.6"
  resolved "https://registry.npmjs.org/is-buffer/-/is-buffer-1.1.6.tgz"
  integrity sha512-NcdALwpXkTm5Zvvbk7owOUSvVvBKDgKP5/ewfXEznmQFfs4ZRmanOeKBTjRVjka3QFoN6XJ+9F3USqfHqTaU5w==

is-fullwidth-code-point@^3.0.0:
  version "3.0.0"
  resolved "https://registry.npmjs.org/is-fullwidth-code-point/-/is-fullwidth-code-point-3.0.0.tgz"
  integrity sha512-zymm5+u+sCsSWyD9qNaejV3DFvhCKclKdizYaJUuHA83RLjb7nSuGnddCHGv0hk+KY7BMAlsWeK4Ueg6EV6XQg==

lodash.sortby@^4.7.0:
  version "4.7.0"
  resolved "https://registry.npmjs.org/lodash.sortby/-/lodash.sortby-4.7.0.tgz"
  integrity sha512-HDWXG8isMntAyRF5vZ7xKuEvOhT4AhlRt/3czTSjvGUxjYCBVRQY48ViDHyfYz9VIoBkW4TMGQNapx+l3RUwdA==

luxon@^3.5.0:
  version "3.7.2"
  resolved "https://registry.npmjs.org/luxon/-/luxon-3.7.2.tgz"
  integrity sha512-vtEhXh/gNjI9Yg1u4jX/0YVPMvxzHuGgCm6tC5kZyb08yjGWGnqAjGJvcXbqQR2P3MyMEFnRbpcdFS6PBcLqew==

md5@^2.3.0:
  version "2.3.0"
  resolved "https://registry.npmjs.org/md5/-/md5-2.3.0.tgz"
  integrity sha512-T1GITYmFaKuO91vxyoQMFETst+O71VUPEU3ze5GNzDm0OWdP8v1ziTaAEPUr/3kLsY3Sftgz242A1SetQiDL7g==
  dependencies:
    charenc "0.0.2"
    crypt "0.0.2"
    is-buffer "~1.1.6"

mime-db@^1.54.0:
  version "1.54.0"
  resolved "https://registry.npmjs.org/mime-db/-/mime-db-1.54.0.tgz"
  integrity sha512-aU5EJuIN2WDemCcAp2vFBfp/m4EAhWJnUNSSw0ixs7/kXbd6Pg64EmwJkNdFhB8aWt1sH2CTXrLxo/iAGV3oPQ==

mime-types@^3.0.2:
  version "3.0.2"
  resolved "https://registry.npmjs.org/mime-types/-/mime-types-3.0.2.tgz"
  integrity sha512-Lbgzdk0h4juoQ9fCKXW4by0UJqj+nOOrI9MJ1sSj4nI8aI2eo1qmvQEie4VD1glsS250n15LsWsYtCugiStS5A==
  dependencies:
    mime-db "^1.54.0"

"picomatch@^3 || ^4", picomatch@^4.0.4:
  version "4.0.7"
  resolved "https://registry.npmjs.org/picomatch/-/picomatch-4.0.7.tgz"
  integrity sha512-qcJu88Q2IWqJsDD529JKMdwGm/dvInW4HvQnRwiH9JtihJvzGOscDtHE3x1pBKeUOTysQ8kVmLnJ2kJu7yhcGA==

playwright-bdd@^9.2.1:
  version "9.2.1"
  resolved "https://registry.npmjs.org/playwright-bdd/-/playwright-bdd-9.2.1.tgz"
  integrity sha512-gi7LTeat3ar1mPO53UBqQIv0HYHaw+GXq7P3stxGLPVlRpbW1ZmWre/yQBV/mtInJgEmKwBrJ/V1zT8NmJOuzg==
  dependencies:
    "@cucumber/ci-environment" "^13.0.0"
    "@cucumber/cucumber-expressions" "19.0.0"
    "@cucumber/gherkin" "^39.1.0"
    "@cucumber/gherkin-utils" "^11.0.0"
    "@cucumber/html-formatter" "^23.1.0"
    "@cucumber/junit-xml-formatter" "^0.13.3"
    "@cucumber/messages" "^32.3.1"
    "@cucumber/query" "^15.0.1"
    "@cucumber/tag-expressions" "^9.1.0"
    cli-table3 "0.6.5"
    commander "^13.1.0"
    mime-types "^3.0.2"
    tinyglobby "0.2.17"

playwright-core@1.63.0:
  version "1.63.0"
  resolved "https://registry.npmjs.org/playwright-core/-/playwright-core-1.63.0.tgz"
  integrity sha512-rYCsBF/M5HjUch52bbtVONEFjv6Xu8sm8h72dNlR5bzIE1fvC/bxgspzkjSfU+MweEMmPM8KJebG6nnyxo5mCg==

playwright@1.63.0:
  version "1.63.0"
  resolved "https://registry.npmjs.org/playwright/-/playwright-1.63.0.tgz"
  integrity sha512-+7ziBLidS4NaNCdt57SUDT+wYmmd5fmiQejUic/kb+YsYSCPyOOE9sebzMjNmQrsnNpDJqd4WHvV/8lfKfUDUg==
  dependencies:
    playwright-core "1.63.0"

reflect-metadata@0.2.2:
  version "0.2.2"
  resolved "https://registry.npmjs.org/reflect-metadata/-/reflect-metadata-0.2.2.tgz"
  integrity sha512-urBwgfrvVP/eAyXx4hluJivBKzuEbSQs9rKWCrCkbSxNv8mxPcUZKeuoF3Uy4mJl3Lwprp6yy5/39VWigZ4K6Q==

regexp-match-indices@1.0.2:
  version "1.0.2"
  resolved "https://registry.npmjs.org/regexp-match-indices/-/regexp-match-indices-1.0.2.tgz"
  integrity sha512-DwZuAkt8NF5mKwGGER1EGh2PRqyvhRhhLviH+R8y8dIuaQROlUfXjt4s9ZTXstIsSkptf06BSvwcEmmfheJJWQ==
  dependencies:
    regexp-tree "^0.1.11"

regexp-tree@^0.1.11:
  version "0.1.27"
  resolved "https://registry.npmjs.org/regexp-tree/-/regexp-tree-0.1.27.tgz"
  integrity sha512-iETxpjK6YoRWJG5o6hXLwvjYAoW+FEZn9os0PD/b6AP6xQwsa/Y7lCVgIixBbUPMfhu+i2LtdeAqVTgGlQarfA==

source-map-support@^0.5.21:
  version "0.5.21"
  resolved "https://registry.npmjs.org/source-map-support/-/source-map-support-0.5.21.tgz"
  integrity sha512-uBHU3L3czsIyYXKX88fdrGovxdSCoTGDRZ6SYXtSRxLZUzHg5P/66Ht6uoUlHu9EZod+inXhKo3qQgwXUT/y1w==
  dependencies:
    buffer-from "^1.0.0"
    source-map "^0.6.0"

source-map@^0.6.0:
  version "0.6.1"
  resolved "https://registry.npmjs.org/source-map/-/source-map-0.6.1.tgz"
  integrity sha512-UjgapumWlbMhkBgzT7Ykc5YXUT46F0iKu8SGXq0bcwP5dz/h0Plj6enJqjz1Zbq2l5WaqYnrVbwWOWMyF3F47g==

string-width@^4.2.0:
  version "4.2.3"
  resolved "https://registry.npmjs.org/string-width/-/string-width-4.2.3.tgz"
  integrity sha512-wKyQRQpjJ0sIp62ErSZdGsjMJWsap5oRNihHhu6G7JVO/9jIB6UyevL+tXuOqrng8j/cxKTWyWUwvSTriiZz/g==
  dependencies:
    emoji-regex "^8.0.0"
    is-fullwidth-code-point "^3.0.0"
    strip-ansi "^6.0.1"

strip-ansi@^6.0.1:
  version "6.0.1"
  resolved "https://registry.npmjs.org/strip-ansi/-/strip-ansi-6.0.1.tgz"
  integrity sha512-Y38VPSHcqkFrCpFnQ9vuSXmquuv5oXOKpGeT6aGrr3o3Gc9AlVa6JBfUSOCnbxGGZF+/0ooI7KrPuUSztUdU5A==
  dependencies:
    ansi-regex "^5.0.1"

tinyglobby@0.2.17:
  version "0.2.17"
  resolved "https://registry.npmjs.org/tinyglobby/-/tinyglobby-0.2.17.tgz"
  integrity sha512-wXR/dYpcqKmfWpEdZjiKJOwCNFndD0DMnrW/cYjVGttEkBfVgcLFHoNrlj47mjOVic9yyNu65alsgF4NQyTa2g==
  dependencies:
    fdir "^6.5.0"
    picomatch "^4.0.4"

undici-types@~8.3.0:
  version "8.3.0"
  resolved "https://registry.npmjs.org/undici-types/-/undici-types-8.3.0.tgz"
  integrity sha512-j375ScV60dom+YkPFIfTLcOiPxkN/buHz5GobjLhixFuANaNs3C9l4GmrWqejgXWJ7BbJcFYpTEUkS1Ge8bpZQ==

xmlbuilder@^15.1.1:
  version "15.1.1"
  resolved "https://registry.npmjs.org/xmlbuilder/-/xmlbuilder-15.1.1.tgz"
  integrity sha512-yMqGBqtXyeN1e3TGYvgNgDVZ3j84W4cwkOXQswghol6APgZWaff9lnbvN7MHYJOiXsvGPXtjTYJEiC9J2wv9Eg==
